[[package]]
category = "main"
description = "Python package for providing Mozilla's CA Bundle."
name = "certifi"
optional = false
python-versions = "*"
version = "2020.6.20"

[[package]]
category = "main"
description = "Extended pickling support for Python objects"
name = "cloudpickle"
optional = false
python-versions = ">=3.5"
version = "1.6.0"

[[package]]
category = "main"
description = "Composable style cycles"
name = "cycler"
optional = false
python-versions = "*"
version = "0.10.0"

[package.dependencies]
six = "*"

[[package]]
category = "main"
description = "Access dict values as attributes (works recursively)."
name = "easydict"
optional = false
python-versions = "*"
version = "1.9"

[[package]]
category = "main"
description = "Clean single-source support for Python 3 and 2"
name = "future"
optional = false
python-versions = ">=2.6, !=3.0.*, !=3.1.*, !=3.2.*"
version = "0.18.2"

[[package]]
category = "main"
description = "The OpenAI Gym: A toolkit for developing and comparing your reinforcement learning agents."
name = "gym"
optional = false
python-versions = ">=3.5"
version = "0.17.3"

[package.dependencies]
cloudpickle = ">=1.2.0,<1.7.0"
numpy = ">=1.10.4"
pyglet = ">=1.4.0,<=1.5.0"
scipy = "*"

[package.extras]
all = ["pillow", "opencv-python", "mujoco_py (>=1.50,<2.0)", "imageio", "mujoco_py (>=1.50,<2.0)", "imageio"]
atari = ["pillow", "opencv-python"]
mujoco = ["mujoco_py (>=1.50,<2.0)", "imageio"]
robotics = ["mujoco_py (>=1.50,<2.0)", "imageio"]

[[package]]
category = "main"
description = "Read and write HDF5 files from Python"
name = "h5py"
optional = false
python-versions = "*"
version = "2.10.0"

[package.dependencies]
numpy = ">=1.7"
six = "*"

[[package]]
category = "main"
description = "Lightweight pipelining: using Python functions as pipeline jobs."
name = "joblib"
optional = false
python-versions = ">=3.6"
version = "0.16.0"

[[package]]
category = "main"
description = "A fast implementation of the Cassowary constraint solver"
name = "kiwisolver"
optional = false
python-versions = ">=3.6"
version = "1.2.0"

[[package]]
category = "main"
description = "Python plotting package"
name = "matplotlib"
optional = false
python-versions = ">=3.6"
version = "3.3.2"

[package.dependencies]
certifi = ">=2020.06.20"
cycler = ">=0.10"
kiwisolver = ">=1.0.1"
numpy = ">=1.15"
pillow = ">=6.2.0"
pyparsing = ">=2.0.3,<2.0.4 || >2.0.4,<2.1.2 || >2.1.2,<2.1.6 || >2.1.6"
python-dateutil = ">=2.1"

[[package]]
category = "main"
description = "NumPy is the fundamental package for array computing with Python."
name = "numpy"
optional = false
python-versions = ">=3.6"
version = "1.19.2"

[[package]]
category = "main"
description = "Wrapper package for OpenCV python bindings."
name = "opencv-python"
optional = false
python-versions = ">=3.5"
version = "4.4.0.40"

[[package]]
category = "main"
description = "Python Imaging Library (Fork)"
name = "pillow"
optional = false
python-versions = ">=3.5"
version = "7.2.0"

[[package]]
category = "main"
description = "Official Python Interface for the Bullet Physics SDK specialized for Robotics Simulation and Reinforcement Learning"
name = "pybullet"
optional = false
python-versions = "*"
version = "2.9.8"

[[package]]
category = "main"
description = "Cross-platform windowing and multimedia library"
name = "pyglet"
optional = false
python-versions = "*"
version = "1.5.0"

[package.dependencies]
future = "*"

[[package]]
category = "main"
description = "Python parsing module"
name = "pyparsing"
optional = false
python-versions = ">=2.6, !=3.0.*, !=3.1.*, !=3.2.*"
version = "2.4.7"

[[package]]
category = "main"
description = "Extensions to the standard Python datetime module"
name = "python-dateutil"
optional = false
python-versions = "!=3.0.*,!=3.1.*,!=3.2.*,>=2.7"
version = "2.8.1"

[package.dependencies]
six = ">=1.5"

[[package]]
category = "main"
description = "YAML parser and emitter for Python"
name = "pyyaml"
optional = false
python-versions = ">=2.7, !=3.0.*, !=3.1.*, !=3.2.*, !=3.3.*, !=3.4.*"
version = "5.3.1"

[[package]]
category = "main"
description = "A set of python modules for machine learning and data mining"
name = "scikit-learn"
optional = false
python-versions = ">=3.6"
version = "0.23.2"

[package.dependencies]
joblib = ">=0.11"
numpy = ">=1.13.3"
scipy = ">=0.19.1"
threadpoolctl = ">=2.0.0"

[package.extras]
alldeps = ["numpy (>=1.13.3)", "scipy (>=0.19.1)"]

[[package]]
category = "main"
description = "SciPy: Scientific Library for Python"
name = "scipy"
optional = false
python-versions = ">=3.6"
version = "1.5.2"

[package.dependencies]
numpy = ">=1.14.5"

[[package]]
category = "main"
description = "Python 2 and 3 compatibility utilities"
name = "six"
optional = false
python-versions = ">=2.7, !=3.0.*, !=3.1.*, !=3.2.*"
version = "1.15.0"

[[package]]
category = "main"
description = "A set of python modules for machine learning and data mining"
name = "sklearn"
optional = false
python-versions = "*"
version = "0.0"

[package.dependencies]
scikit-learn = "*"

[[package]]
category = "main"
description = "threadpoolctl"
name = "threadpoolctl"
optional = false
python-versions = ">=3.5"
version = "2.1.0"

[metadata]
content-hash = "4040068eafa9ed1b2c4f6ac8eb03de9b846b5ae8f609293b63d0e63fb850cd1d"
lock-version = "1.1"
python-versions = "^3.6, <3.8"

[metadata.files]
certifi = [
    {file = "certifi-2020.6.20-py2.py3-none-any.whl", hash = "sha256:8fc0819f1f30ba15bdb34cceffb9ef04d99f420f68eb75d901e9560b8749fc41"},
    {file = "certifi-2020.6.20.tar.gz", hash = "sha256:5930595817496dd21bb8dc35dad090f1c2cd0adfaf21204bf6732ca5d8ee34d3"},
]
cloudpickle = [
    {file = "cloudpickle-1.6.0-py3-none-any.whl", hash = "sha256:3a32d0eb0bc6f4d0c57fbc4f3e3780f7a81e6fee0fa935072884d58ae8e1cc7c"},
    {file = "cloudpickle-1.6.0.tar.gz", hash = "sha256:9bc994f9e9447593bd0a45371f0e7ac7333710fcf64a4eb9834bf149f4ef2f32"},
]
cycler = [
    {file = "cycler-0.10.0-py2.py3-none-any.whl", hash = "sha256:1d8a5ae1ff6c5cf9b93e8811e581232ad8920aeec647c37316ceac982b08cb2d"},
    {file = "cycler-0.10.0.tar.gz", hash = "sha256:cd7b2d1018258d7247a71425e9f26463dfb444d411c39569972f4ce586b0c9d8"},
]
easydict = [
    {file = "easydict-1.9.tar.gz", hash = "sha256:3f3f0dab07c299f0f4df032db1f388d985bb57fa4c5be30acd25c5f9a516883b"},
]
future = [
    {file = "future-0.18.2.tar.gz", hash = "sha256:b1bead90b70cf6ec3f0710ae53a525360fa360d306a86583adc6bf83a4db537d"},
]
gym = [
    {file = "gym-0.17.3.tar.gz", hash = "sha256:96a7dd4e9cdb39e30c7a79e5773570fd9408f7fdb58c714c293cfbb314818eb6"},
]
h5py = [
    {file = "h5py-2.10.0-cp27-cp27m-macosx_10_6_intel.whl", hash = "sha256:ecf4d0b56ee394a0984de15bceeb97cbe1fe485f1ac205121293fc44dcf3f31f"},
    {file = "h5py-2.10.0-cp27-cp27m-manylinux1_i686.whl", hash = "sha256:86868dc07b9cc8cb7627372a2e6636cdc7a53b7e2854ad020c9e9d8a4d3fd0f5"},
    {file = "h5py-2.10.0-cp27-cp27m-manylinux1_x86_64.whl", hash = "sha256:aac4b57097ac29089f179bbc2a6e14102dd210618e94d77ee4831c65f82f17c0"},
    {file = "h5py-2.10.0-cp27-cp27m-win32.whl", hash = "sha256:7be5754a159236e95bd196419485343e2b5875e806fe68919e087b6351f40a70"},
    {file = "h5py-2.10.0-cp27-cp27m-win_amd64.whl", hash = "sha256:13c87efa24768a5e24e360a40e0bc4c49bcb7ce1bb13a3a7f9902cec302ccd36"},
    {file = "h5py-2.10.0-cp27-cp27mu-manylinux1_i686.whl", hash = "sha256:79b23f47c6524d61f899254f5cd5e486e19868f1823298bc0c29d345c2447172"},
    {file = "h5py-2.10.0-cp27-cp27mu-manylinux1_x86_64.whl", hash = "sha256:cbf28ae4b5af0f05aa6e7551cee304f1d317dbed1eb7ac1d827cee2f1ef97a99"},
    {file = "h5py-2.10.0-cp34-cp34m-manylinux1_i686.whl", hash = "sha256:c0d4b04bbf96c47b6d360cd06939e72def512b20a18a8547fa4af810258355d5"},
    {file = "h5py-2.10.0-cp34-cp34m-manylinux1_x86_64.whl", hash = "sha256:549ad124df27c056b2e255ea1c44d30fb7a17d17676d03096ad5cd85edb32dc1"},
    {file = "h5py-2.10.0-cp35-cp35m-macosx_10_6_intel.whl", hash = "sha256:a5f82cd4938ff8761d9760af3274acf55afc3c91c649c50ab18fcff5510a14a5"},
    {file = "h5py-2.10.0-cp35-cp35m-manylinux1_i686.whl", hash = "sha256:3dad1730b6470fad853ef56d755d06bb916ee68a3d8272b3bab0c1ddf83bb99e"},
    {file = "h5py-2.10.0-cp35-cp35m-manylinux1_x86_64.whl", hash = "sha256:063947eaed5f271679ed4ffa36bb96f57bc14f44dd4336a827d9a02702e6ce6b"},
    {file = "h5py-2.10.0-cp35-cp35m-win32.whl", hash = "sha256:c54a2c0dd4957776ace7f95879d81582298c5daf89e77fb8bee7378f132951de"},
    {file = "h5py-2.10.0-cp35-cp35m-win_amd64.whl", hash = "sha256:6998be619c695910cb0effe5eb15d3a511d3d1a5d217d4bd0bebad1151ec2262"},
    {file = "h5py-2.10.0-cp36-cp36m-macosx_10_6_intel.whl", hash = "sha256:ff7d241f866b718e4584fa95f520cb19405220c501bd3a53ee11871ba5166ea2"},
    {file = "h5py-2.10.0-cp36-cp36m-manylinux1_i686.whl", hash = "sha256:54817b696e87eb9e403e42643305f142cd8b940fe9b3b490bbf98c3b8a894cf4"},
    {file = "h5py-2.10.0-cp36-cp36m-manylinux1_x86_64.whl", hash = "sha256:d3c59549f90a891691991c17f8e58c8544060fdf3ccdea267100fa5f561ff62f"},
    {file = "h5py-2.10.0-cp36-cp36m-win32.whl", hash = "sha256:d7ae7a0576b06cb8e8a1c265a8bc4b73d05fdee6429bffc9a26a6eb531e79d72"},
    {file = "h5py-2.10.0-cp36-cp36m-win_amd64.whl", hash = "sha256:bffbc48331b4a801d2f4b7dac8a72609f0b10e6e516e5c480a3e3241e091c878"},
    {file = "h5py-2.10.0-cp37-cp37m-macosx_10_6_intel.whl", hash = "sha256:51ae56894c6c93159086ffa2c94b5b3388c0400548ab26555c143e7cfa05b8e5"},
    {file = "h5py-2.10.0-cp37-cp37m-manylinux1_i686.whl", hash = "sha256:16ead3c57141101e3296ebeed79c9c143c32bdd0e82a61a2fc67e8e6d493e9d1"},
    {file = "h5py-2.10.0-cp37-cp37m-manylinux1_x86_64.whl", hash = "sha256:f0e25bb91e7a02efccb50aba6591d3fe2c725479e34769802fcdd4076abfa917"},
    {file = "h5py-2.10.0-cp37-cp37m-win32.whl", hash = "sha256:f23951a53d18398ef1344c186fb04b26163ca6ce449ebd23404b153fd111ded9"},
    {file = "h5py-2.10.0-cp37-cp37m-win_amd64.whl", hash = "sha256:8bb1d2de101f39743f91512a9750fb6c351c032e5cd3204b4487383e34da7f75"},
    {file = "h5py-2.10.0-cp38-cp38-macosx_10_9_x86_64.whl", hash = "sha256:64f74da4a1dd0d2042e7d04cf8294e04ddad686f8eba9bb79e517ae582f6668d"},
    {file = "h5py-2.10.0-cp38-cp38-manylinux1_x86_64.whl", hash = "sha256:d35f7a3a6cefec82bfdad2785e78359a0e6a5fbb3f605dd5623ce88082ccd681"},
    {file = "h5py-2.10.0-cp38-cp38-win32.whl", hash = "sha256:6ef7ab1089e3ef53ca099038f3c0a94d03e3560e6aff0e9d6c64c55fb13fc681"},
    {file = "h5py-2.10.0-cp38-cp38-win_amd64.whl", hash = "sha256:769e141512b54dee14ec76ed354fcacfc7d97fea5a7646b709f7400cf1838630"},
    {file = "h5py-2.10.0.tar.gz", hash = "sha256:84412798925dc870ffd7107f045d7659e60f5d46d1c70c700375248bf6bf512d"},
]
joblib = [
    {file = "joblib-0.16.0-py3-none-any.whl", hash = "sha256:d348c5d4ae31496b2aa060d6d9b787864dd204f9480baaa52d18850cb43e9f49"},
    {file = "joblib-0.16.0.tar.gz", hash = "sha256:8f52bf24c64b608bf0b2563e0e47d6fcf516abc8cfafe10cfd98ad66d94f92d6"},
]
kiwisolver = [
    {file = "kiwisolver-1.2.0-cp36-cp36m-macosx_10_9_x86_64.whl", hash = "sha256:443c2320520eda0a5b930b2725b26f6175ca4453c61f739fef7a5847bd262f74"},
    {file = "kiwisolver-1.2.0-cp36-cp36m-manylinux1_i686.whl", hash = "sha256:efcf3397ae1e3c3a4a0a0636542bcad5adad3b1dd3e8e629d0b6e201347176c8"},
    {file = "kiwisolver-1.2.0-cp36-cp36m-manylinux1_x86_64.whl", hash = "sha256:fccefc0d36a38c57b7bd233a9b485e2f1eb71903ca7ad7adacad6c28a56d62d2"},
    {file = "kiwisolver-1.2.0-cp36-none-win32.whl", hash = "sha256:60a78858580761fe611d22127868f3dc9f98871e6fdf0a15cc4203ed9ba6179b"},
    {file = "kiwisolver-1.2.0-cp36-none-win_amd64.whl", hash = "sha256:556da0a5f60f6486ec4969abbc1dd83cf9b5c2deadc8288508e55c0f5f87d29c"},
    {file = "kiwisolver-1.2.0-cp37-cp37m-macosx_10_9_x86_64.whl", hash = "sha256:7cc095a4661bdd8a5742aaf7c10ea9fac142d76ff1770a0f84394038126d8fc7"},
    {file = "kiwisolver-1.2.0-cp37-cp37m-manylinux1_i686.whl", hash = "sha256:c955791d80e464da3b471ab41eb65cf5a40c15ce9b001fdc5bbc241170de58ec"},
    {file = "kiwisolver-1.2.0-cp37-cp37m-manylinux1_x86_64.whl", hash = "sha256:603162139684ee56bcd57acc74035fceed7dd8d732f38c0959c8bd157f913fec"},
    {file = "kiwisolver-1.2.0-cp37-none-win32.whl", hash = "sha256:03662cbd3e6729f341a97dd2690b271e51a67a68322affab12a5b011344b973c"},
    {file = "kiwisolver-1.2.0-cp37-none-win_amd64.whl", hash = "sha256:4eadb361baf3069f278b055e3bb53fa189cea2fd02cb2c353b7a99ebb4477ef1"},
    {file = "kiwisolver-1.2.0-cp38-cp38-macosx_10_9_x86_64.whl", hash = "sha256:c31bc3c8e903d60a1ea31a754c72559398d91b5929fcb329b1c3a3d3f6e72113"},
    {file = "kiwisolver-1.2.0-cp38-cp38-manylinux1_i686.whl", hash = "sha256:d52b989dc23cdaa92582ceb4af8d5bcc94d74b2c3e64cd6785558ec6a879793e"},
    {file = "kiwisolver-1.2.0-cp38-cp38-manylinux1_x86_64.whl", hash = "sha256:e586b28354d7b6584d8973656a7954b1c69c93f708c0c07b77884f91640b7657"},
    {file = "kiwisolver-1.2.0-cp38-none-win32.whl", hash = "sha256:d069ef4b20b1e6b19f790d00097a5d5d2c50871b66d10075dab78938dc2ee2cf"},
    {file = "kiwisolver-1.2.0-cp38-none-win_amd64.whl", hash = "sha256:18d749f3e56c0480dccd1714230da0f328e6e4accf188dd4e6884bdd06bf02dd"},
    {file = "kiwisolver-1.2.0.tar.gz", hash = "sha256:247800260cd38160c362d211dcaf4ed0f7816afb5efe56544748b21d6ad6d17f"},
]
matplotlib = [
    {file = "matplotlib-3.3.2-cp36-cp36m-macosx_10_9_x86_64.whl", hash = "sha256:27f9de4784ae6fb97679556c5542cf36c0751dccb4d6407f7c62517fa2078868"},
    {file = "matplotlib-3.3.2-cp36-cp36m-manylinux1_i686.whl", hash = "sha256:06866c138d81a593b535d037b2727bec9b0818cadfe6a81f6ec5715b8dd38a89"},
    {file = "matplotlib-3.3.2-cp36-cp36m-manylinux1_x86_64.whl", hash = "sha256:5ccecb5f78b51b885f0028b646786889f49c54883e554fca41a2a05998063f23"},
    {file = "matplotlib-3.3.2-cp36-cp36m-win32.whl", hash = "sha256:69cf76d673682140f46c6cb5e073332c1f1b2853c748dc1cb04f7d00023567f7"},
    {file = "matplotlib-3.3.2-cp36-cp36m-win_amd64.whl", hash = "sha256:371518c769d84af8ec9b7dcb871ac44f7a67ef126dd3a15c88c25458e6b6d205"},
    {file = "matplotlib-3.3.2-cp37-cp37m-macosx_10_9_x86_64.whl", hash = "sha256:793e061054662aa27acaff9201cdd510a698541c6e8659eeceb31d66c16facc6"},
    {file = "matplotlib-3.3.2-cp37-cp37m-manylinux1_i686.whl", hash = "sha256:16b241c3d17be786966495229714de37de04472da472277869b8d5b456a8df00"},
    {file = "matplotlib-3.3.2-cp37-cp37m-manylinux1_x86_64.whl", hash = "sha256:3fb0409754b26f48045bacd6818e44e38ca9338089f8ba689e2f9344ff2847c7"},
    {file = "matplotlib-3.3.2-cp37-cp37m-win32.whl", hash = "sha256:548cfe81476dbac44db96e9c0b074b6fb333b4d1f12b1ae68dbed47e45166384"},
    {file = "matplotlib-3.3.2-cp37-cp37m-win_amd64.whl", hash = "sha256:f0268613073df055bcc6a490de733012f2cf4fe191c1adb74e41cec8add1a165"},
    {file = "matplotlib-3.3.2-cp38-cp38-macosx_10_9_x86_64.whl", hash = "sha256:57be9e21073fc367237b03ecac0d9e4b8ddbe38e86ec4a316857d8d93ac9286c"},
    {file = "matplotlib-3.3.2-cp38-cp38-manylinux1_i686.whl", hash = "sha256:be2f0ec62e0939a9dcfd3638c140c5a74fc929ee3fd1f31408ab8633db6e1523"},
    {file = "matplotlib-3.3.2-cp38-cp38-manylinux1_x86_64.whl", hash = "sha256:c5d0c2ae3e3ed4e9f46b7c03b40d443601012ffe8eb8dfbb2bd6b2d00509f797"},
    {file = "matplotlib-3.3.2-cp38-cp38-win32.whl", hash = "sha256:a522de31e07ed7d6f954cda3fbd5ca4b8edbfc592a821a7b00291be6f843292e"},
    {file = "matplotlib-3.3.2-cp38-cp38-win_amd64.whl", hash = "sha256:8bc1d3284dee001f41ec98f59675f4d723683e1cc082830b440b5f081d8e0ade"},
    {file = "matplotlib-3.3.2-pp36-pypy36_pp73-macosx_10_9_x86_64.whl", hash = "sha256:799c421bc245a0749c1515b6dea6dc02db0a8c1f42446a0f03b3b82a60a900dc"},
    {file = "matplotlib-3.3.2-pp36-pypy36_pp73-manylinux2010_x86_64.whl", hash = "sha256:2f5eefc17dc2a71318d5a3496313be5c351c0731e8c4c6182c9ac3782cfc4076"},
    {file = "matplotlib-3.3.2.tar.gz", hash = "sha256:3d2edbf59367f03cd9daf42939ca06383a7d7803e3993eb5ff1bee8e8a3fbb6b"},
]
numpy = [
    {file = "numpy-1.19.2-cp36-cp36m-macosx_10_9_x86_64.whl", hash = "sha256:b594f76771bc7fc8a044c5ba303427ee67c17a09b36e1fa32bde82f5c419d17a"},
    {file = "numpy-1.19.2-cp36-cp36m-manylinux1_i686.whl", hash = "sha256:e6ddbdc5113628f15de7e4911c02aed74a4ccff531842c583e5032f6e5a179bd"},
    {file = "numpy-1.19.2-cp36-cp36m-manylinux1_x86_64.whl", hash = "sha256:3733640466733441295b0d6d3dcbf8e1ffa7e897d4d82903169529fd3386919a"},
    {file = "numpy-1.19.2-cp36-cp36m-manylinux2010_i686.whl", hash = "sha256:4339741994c775396e1a274dba3609c69ab0f16056c1077f18979bec2a2c2e6e"},
    {file = "numpy-1.19.2-cp36-cp36m-manylinux2010_x86_64.whl", hash = "sha256:7c6646314291d8f5ea900a7ea9c4261f834b5b62159ba2abe3836f4fa6705526"},
    {file = "numpy-1.19.2-cp36-cp36m-manylinux2014_aarch64.whl", hash = "sha256:7118f0a9f2f617f921ec7d278d981244ba83c85eea197be7c5a4f84af80a9c3c"},
    {file = "numpy-1.19.2-cp36-cp36m-win32.whl", hash = "sha256:9a3001248b9231ed73894c773142658bab914645261275f675d86c290c37f66d"},
    {file = "numpy-1.19.2-cp36-cp36m-win_amd64.whl", hash = "sha256:967c92435f0b3ba37a4257c48b8715b76741410467e2bdb1097e8391fccfae15"},
    {file = "numpy-1.19.2-cp37-cp37m-macosx_10_9_x86_64.whl", hash = "sha256:d526fa58ae4aead839161535d59ea9565863bb0b0bdb3cc63214613fb16aced4"},
    {file = "numpy-1.19.2-cp37-cp37m-manylinux1_i686.whl", hash = "sha256:eb25c381d168daf351147713f49c626030dcff7a393d5caa62515d415a6071d8"},
    {file = "numpy-1.19.2-cp37-cp37m-manylinux1_x86_64.whl", hash = "sha256:62139af94728d22350a571b7c82795b9d59be77fc162414ada6c8b6a10ef5d02"},
    {file = "numpy-1.19.2-cp37-cp37m-manylinux2010_i686.whl", hash = "sha256:0c66da1d202c52051625e55a249da35b31f65a81cb56e4c69af0dfb8fb0125bf"},
    {file = "numpy-1.19.2-cp37-cp37m-manylinux2010_x86_64.whl", hash = "sha256:2117536e968abb7357d34d754e3733b0d7113d4c9f1d921f21a3d96dec5ff716"},
    {file = "numpy-1.19.2-cp37-cp37m-manylinux2014_aarch64.whl", hash = "sha256:54045b198aebf41bf6bf4088012777c1d11703bf74461d70cd350c0af2182e45"},
    {file = "numpy-1.19.2-cp37-cp37m-win32.whl", hash = "sha256:aba1d5daf1144b956bc87ffb87966791f5e9f3e1f6fab3d7f581db1f5b598f7a"},
    {file = "numpy-1.19.2-cp37-cp37m-win_amd64.whl", hash = "sha256:addaa551b298052c16885fc70408d3848d4e2e7352de4e7a1e13e691abc734c1"},
    {file = "numpy-1.19.2-cp38-cp38-macosx_10_9_x86_64.whl", hash = "sha256:58d66a6b3b55178a1f8a5fe98df26ace76260a70de694d99577ddeab7eaa9a9d"},
    {file = "numpy-1.19.2-cp38-cp38-manylinux1_i686.whl", hash = "sha256:59f3d687faea7a4f7f93bd9665e5b102f32f3fa28514f15b126f099b7997203d"},
    {file = "numpy-1.19.2-cp38-cp38-manylinux1_x86_64.whl", hash = "sha256:cebd4f4e64cfe87f2039e4725781f6326a61f095bc77b3716502bed812b385a9"},
    {file = "numpy-1.19.2-cp38-cp38-manylinux2010_i686.whl", hash = "sha256:c35a01777f81e7333bcf276b605f39c872e28295441c265cd0c860f4b40148c1"},
    {file = "numpy-1.19.2-cp38-cp38-manylinux2010_x86_64.whl", hash = "sha256:d7ac33585e1f09e7345aa902c281bd777fdb792432d27fca857f39b70e5dd31c"},
    {file = "numpy-1.19.2-cp38-cp38-manylinux2014_aarch64.whl", hash = "sha256:04c7d4ebc5ff93d9822075ddb1751ff392a4375e5885299445fcebf877f179d5"},
    {file = "numpy-1.19.2-cp38-cp38-win32.whl", hash = "sha256:51ee93e1fac3fe08ef54ff1c7f329db64d8a9c5557e6c8e908be9497ac76374b"},
    {file = "numpy-1.19.2-cp38-cp38-win_amd64.whl", hash = "sha256:1669ec8e42f169ff715a904c9b2105b6640f3f2a4c4c2cb4920ae8b2785dac65"},
    {file = "numpy-1.19.2-pp36-pypy36_pp73-manylinux2010_x86_64.whl", hash = "sha256:0bfd85053d1e9f60234f28f63d4a5147ada7f432943c113a11afcf3e65d9d4c8"},
    {file = "numpy-1.19.2.zip", hash = "sha256:0d310730e1e793527065ad7dde736197b705d0e4c9999775f212b03c44a8484c"},
]
opencv-python = [
    {file = "opencv-python-4.4.0.40.tar.gz", hash = "sha256:eb4011668217542a1a6059c33791e4c3720d20367932f36dad484501501239f2"},
    {file = "opencv_python-4.4.0.40-cp35-cp35m-macosx_10_13_x86_64.whl", hash = "sha256:5d31281bb8937fd208dccac0d857a109931584853ee8aba4a8dac3243ced45c1"},
    {file = "opencv_python-4.4.0.40-cp35-cp35m-manylinux2014_i686.whl", hash = "sha256:13114b2e0fdc45558c8ae9e38835b89a55593a56a2becaf10e7f579047701336"},
    {file = "opencv_python-4.4.0.40-cp35-cp35m-manylinux2014_x86_64.whl", hash = "sha256:97f0d65f9ece468ae05d0cf92ebfb7248b5a04eccbde576759d074a14a1f1f30"},
    {file = "opencv_python-4.4.0.40-cp35-cp35m-win32.whl", hash = "sha256:7167ea3a78a5acf7404f848fe2f793cdd8a60077b6c5fdc901b1fd9ef673fb89"},
    {file = "opencv_python-4.4.0.40-cp35-cp35m-win_amd64.whl", hash = "sha256:e0ab72245b5b847d9f2258ff01d812315bd1a33d68bfab2d86890686d8a624b4"},
    {file = "opencv_python-4.4.0.40-cp36-cp36m-macosx_10_13_x86_64.whl", hash = "sha256:e4c05504d264a790fb5c6a8401e0f7ac433e7b35952c72986c56b983a01c16fd"},
    {file = "opencv_python-4.4.0.40-cp36-cp36m-manylinux2014_i686.whl", hash = "sha256:83a89e9a2873d27e4d4f4d8dcbe232101b24122027d295a5ac1d54d0e19343b5"},
    {file = "opencv_python-4.4.0.40-cp36-cp36m-manylinux2014_x86_64.whl", hash = "sha256:91e54cab58ad7284dfb507dbbd3768cbae92d061dcce9cb16af6c85bd2addd97"},
    {file = "opencv_python-4.4.0.40-cp36-cp36m-win32.whl", hash = "sha256:d5c80e81243886c30c8579c3d824f533628c193308da46848e30eb40902e3bbc"},
    {file = "opencv_python-4.4.0.40-cp36-cp36m-win_amd64.whl", hash = "sha256:b5e945865f5ce282ac5525ca6a63c4d51c2f088c4860c07b008d1d3150f1aabc"},
    {file = "opencv_python-4.4.0.40-cp37-cp37m-macosx_10_13_x86_64.whl", hash = "sha256:8732bd5968eaa7af69a1099137cf2c7ca2d3fa4d08025a841d06bfdb0f2efab5"},
    {file = "opencv_python-4.4.0.40-cp37-cp37m-manylinux2014_i686.whl", hash = "sha256:e0c08c3575b1e535deee77aa94e1af1cca84c074aae87eb2286ad679241b1c4c"},
    {file = "opencv_python-4.4.0.40-cp37-cp37m-manylinux2014_x86_64.whl", hash = "sha256:821c9eca425f0aebeb0e3b64c51efda7de46e439fcfe5a5992c8ed85e2e453f4"},
    {file = "opencv_python-4.4.0.40-cp37-cp37m-win32.whl", hash = "sha256:58faae06fbe5becc43cf247fd063ca5a4782b23a323682e1918e9f2ed2c57630"},
    {file = "opencv_python-4.4.0.40-cp37-cp37m-win_amd64.whl", hash = "sha256:0079b5cce92179191c4af41a52dc8c1b8ff9a839ab65b436c91261717ca76a67"},
    {file = "opencv_python-4.4.0.40-cp38-cp38-macosx_10_13_x86_64.whl", hash = "sha256:9505ec697609bb8f3165f56334db0238af737bef40c7c0d9292be21455a7a27b"},
    {file = "opencv_python-4.4.0.40-cp38-cp38-manylinux2014_i686.whl", hash = "sha256:441ab366615826139c21364532442f9e58d318f52eede5aeed88a58281039fe8"},
    {file = "opencv_python-4.4.0.40-cp38-cp38-manylinux2014_x86_64.whl", hash = "sha256:45c477880082b179086d36431afc56b9cb55f12d88d1a8af37bc292c8666d8a8"},
    {file = "opencv_python-4.4.0.40-cp38-cp38-win32.whl", hash = "sha256:d7af93362ae0092fab5465c2f40bc7826db57915782f9cb8ae1acebf9c2fa918"},
    {file = "opencv_python-4.4.0.40-cp38-cp38-win_amd64.whl", hash = "sha256:1310cdfc5b154673eda7897035766cf71b1099402ec58aae01346a48c8fbec28"},
]
pillow = [
    {file = "Pillow-7.2.0-cp35-cp35m-macosx_10_10_intel.whl", hash = "sha256:1ca594126d3c4def54babee699c055a913efb01e106c309fa6b04405d474d5ae"},
    {file = "Pillow-7.2.0-cp35-cp35m-manylinux1_i686.whl", hash = "sha256:c92302a33138409e8f1ad16731568c55c9053eee71bb05b6b744067e1b62380f"},
    {file = "Pillow-7.2.0-cp35-cp35m-manylinux1_x86_64.whl", hash = "sha256:8dad18b69f710bf3a001d2bf3afab7c432785d94fcf819c16b5207b1cfd17d38"},
    {file = "Pillow-7.2.0-cp35-cp35m-manylinux2014_aarch64.whl", hash = "sha256:431b15cffbf949e89df2f7b48528be18b78bfa5177cb3036284a5508159492b5"},
    {file = "Pillow-7.2.0-cp35-cp35m-win32.whl", hash = "sha256:09d7f9e64289cb40c2c8d7ad674b2ed6105f55dc3b09aa8e4918e20a0311e7ad"},
    {file = "Pillow-7.2.0-cp35-cp35m-win_amd64.whl", hash = "sha256:0295442429645fa16d05bd567ef5cff178482439c9aad0411d3f0ce9b88b3a6f"},
    {file = "Pillow-7.2.0-cp36-cp36m-macosx_10_10_x86_64.whl", hash = "sha256:ec29604081f10f16a7aea809ad42e27764188fc258b02259a03a8ff7ded3808d"},
    {file = "Pillow-7.2.0-cp36-cp36m-manylinux1_i686.whl", hash = "sha256:612cfda94e9c8346f239bf1a4b082fdd5c8143cf82d685ba2dba76e7adeeb233"},
    {file = "Pillow-7.2.0-cp36-cp36m-manylinux1_x86_64.whl", hash = "sha256:0a80dd307a5d8440b0a08bd7b81617e04d870e40a3e46a32d9c246e54705e86f"},
    {file = "Pillow-7.2.0-cp36-cp36m-manylinux2014_aarch64.whl", hash = "sha256:06aba4169e78c439d528fdeb34762c3b61a70813527a2c57f0540541e9f433a8"},
    {file = "Pillow-7.2.0-cp36-cp36m-win32.whl", hash = "sha256:f7e30c27477dffc3e85c2463b3e649f751789e0f6c8456099eea7ddd53be4a8a"},
    {file = "Pillow-7.2.0-cp36-cp36m-win_amd64.whl", hash = "sha256:ffe538682dc19cc542ae7c3e504fdf54ca7f86fb8a135e59dd6bc8627eae6cce"},
    {file = "Pillow-7.2.0-cp37-cp37m-macosx_10_10_x86_64.whl", hash = "sha256:94cf49723928eb6070a892cb39d6c156f7b5a2db4e8971cb958f7b6b104fb4c4"},
    {file = "Pillow-7.2.0-cp37-cp37m-manylinux1_i686.whl", hash = "sha256:6edb5446f44d901e8683ffb25ebdfc26988ee813da3bf91e12252b57ac163727"},
    {file = "Pillow-7.2.0-cp37-cp37m-manylinux1_x86_64.whl", hash = "sha256:52125833b070791fcb5710fabc640fc1df07d087fc0c0f02d3661f76c23c5b8b"},
    {file = "Pillow-7.2.0-cp37-cp37m-manylinux2014_aarch64.whl", hash = "sha256:9ad7f865eebde135d526bb3163d0b23ffff365cf87e767c649550964ad72785d"},
    {file = "Pillow-7.2.0-cp37-cp37m-win32.whl", hash = "sha256:c79f9c5fb846285f943aafeafda3358992d64f0ef58566e23484132ecd8d7d63"},
    {file = "Pillow-7.2.0-cp37-cp37m-win_amd64.whl", hash = "sha256:d350f0f2c2421e65fbc62690f26b59b0bcda1b614beb318c81e38647e0f673a1"},
    {file = "Pillow-7.2.0-cp38-cp38-macosx_10_10_x86_64.whl", hash = "sha256:6d7741e65835716ceea0fd13a7d0192961212fd59e741a46bbed7a473c634ed6"},
    {file = "Pillow-7.2.0-cp38-cp38-manylinux1_i686.whl", hash = "sha256:edf31f1150778abd4322444c393ab9c7bd2af271dd4dafb4208fb613b1f3cdc9"},
    {file = "Pillow-7.2.0-cp38-cp38-manylinux1_x86_64.whl", hash = "sha256:d08b23fdb388c0715990cbc06866db554e1822c4bdcf6d4166cf30ac82df8c41"},
    {file = "Pillow-7.2.0-cp38-cp38-manylinux2014_aarch64.whl", hash = "sha256:5e51ee2b8114def244384eda1c82b10e307ad9778dac5c83fb0943775a653cd8"},
    {file = "Pillow-7.2.0-cp38-cp38-win32.whl", hash = "sha256:725aa6cfc66ce2857d585f06e9519a1cc0ef6d13f186ff3447ab6dff0a09bc7f"},
    {file = "Pillow-7.2.0-cp38-cp38-win_amd64.whl", hash = "sha256:a060cf8aa332052df2158e5a119303965be92c3da6f2d93b6878f0ebca80b2f6"},
    {file = "Pillow-7.2.0-pp36-pypy36_pp73-win32.whl", hash = "sha256:25930fadde8019f374400f7986e8404c8b781ce519da27792cbe46eabec00c4d"},
    {file = "Pillow-7.2.0.tar.gz", hash = "sha256:97f9e7953a77d5a70f49b9a48da7776dc51e9b738151b22dacf101641594a626"},
]
pybullet = [
    {file = "pybullet-2.9.8-cp27-cp27m-manylinux1_x86_64.whl", hash = "sha256:dfbcfe53e03fbf448392c7f85821de7ee2d93e477c0bf72a16339d165728cb44"},
    {file = "pybullet-2.9.8-cp27-cp27mu-manylinux1_x86_64.whl", hash = "sha256:c1057641ec309ad0515bfcb2d535ab2981f55c5e876af071337cbe1cf3bd8cf3"},
    {file = "pybullet-2.9.8-cp34-cp34m-manylinux1_x86_64.whl", hash = "sha256:94bc30b7b8f27b1532bc2995f87f7715811b6efc72e56f894bc9e40f9d8ddad4"},
    {file = "pybullet-2.9.8-cp35-cp35m-manylinux1_x86_64.whl", hash = "sha256:ffbc1741da3f0b1f1fb9890b47a9cdf07c8a68da39e2da1b69e66ee1162c6f83"},
    {file = "pybullet-2.9.8-cp36-cp36m-manylinux1_x86_64.whl", hash = "sha256:d436d7ddd6c7116de5bd3062e6cc8a521f2afd6e98398550b6156d5230d8559d"},
    {file = "pybullet-2.9.8-cp37-cp37m-manylinux1_x86_64.whl", hash = "sha256:fddfc8e42c4babe11bc0e13d8a5d9c0a42f00f4c608f27d4110a462b78f817a6"},
    {file = "pybullet-2.9.8-cp38-cp38-manylinux1_x86_64.whl", hash = "sha256:1ba62c7c7dd32b5bb247984d935492e0bec440beefc454b8e02d295912851931"},
    {file = "pybullet-2.9.8.tar.gz", hash = "sha256:5f08a82b7ef1989d6b2242db8569ef6e255ac7e6491cfdd04778e8fa78e062ae"},
]
pyglet = [
    {file = "pyglet-1.5.0-py2.py3-none-any.whl", hash = "sha256:a42f599ebd0dc8113563041c402ae09be05cdcbc643bb1183785141ba3c3304e"},
    {file = "pyglet-1.5.0.zip", hash = "sha256:6ea918985feddfa9bf0fcc01ffe9ff5849e7b6e832d9b2e03b9d2a36369cb6ee"},
]
pyparsing = [
    {file = "pyparsing-2.4.7-py2.py3-none-any.whl", hash = "sha256:ef9d7589ef3c200abe66653d3f1ab1033c3c419ae9b9bdb1240a85b024efc88b"},
    {file = "pyparsing-2.4.7.tar.gz", hash = "sha256:c203ec8783bf771a155b207279b9bccb8dea02d8f0c9e5f8ead507bc3246ecc1"},
]
python-dateutil = [
    {file = "python-dateutil-2.8.1.tar.gz", hash = "sha256:73ebfe9dbf22e832286dafa60473e4cd239f8592f699aa5adaf10050e6e1823c"},
    {file = "python_dateutil-2.8.1-py2.py3-none-any.whl", hash = "sha256:75bb3f31ea686f1197762692a9ee6a7550b59fc6ca3a1f4b5d7e32fb98e2da2a"},
]
pyyaml = [
    {file = "PyYAML-5.3.1-cp27-cp27m-win32.whl", hash = "sha256:74809a57b329d6cc0fdccee6318f44b9b8649961fa73144a98735b0aaf029f1f"},
    {file = "PyYAML-5.3.1-cp27-cp27m-win_amd64.whl", hash = "sha256:240097ff019d7c70a4922b6869d8a86407758333f02203e0fc6ff79c5dcede76"},
    {file = "PyYAML-5.3.1-cp35-cp35m-win32.whl", hash = "sha256:4f4b913ca1a7319b33cfb1369e91e50354d6f07a135f3b901aca02aa95940bd2"},
    {file = "PyYAML-5.3.1-cp35-cp35m-win_amd64.whl", hash = "sha256:cc8955cfbfc7a115fa81d85284ee61147059a753344bc51098f3ccd69b0d7e0c"},
    {file = "PyYAML-5.3.1-cp36-cp36m-win32.whl", hash = "sha256:7739fc0fa8205b3ee8808aea45e968bc90082c10aef6ea95e855e10abf4a37b2"},
    {file = "PyYAML-5.3.1-cp36-cp36m-win_amd64.whl", hash = "sha256:69f00dca373f240f842b2931fb2c7e14ddbacd1397d57157a9b005a6a9942648"},
    {file = "PyYAML-5.3.1-cp37-cp37m-win32.whl", hash = "sha256:d13155f591e6fcc1ec3b30685d50bf0711574e2c0dfffd7644babf8b5102ca1a"},
    {file = "PyYAML-5.3.1-cp37-cp37m-win_amd64.whl", hash = "sha256:73f099454b799e05e5ab51423c7bcf361c58d3206fa7b0d555426b1f4d9a3eaf"},
    {file = "PyYAML-5.3.1-cp38-cp38-win32.whl", hash = "sha256:06a0d7ba600ce0b2d2fe2e78453a470b5a6e000a985dd4a4e54e436cc36b0e97"},
    {file = "PyYAML-5.3.1-cp38-cp38-win_amd64.whl", hash = "sha256:95f71d2af0ff4227885f7a6605c37fd53d3a106fcab511b8860ecca9fcf400ee"},
    {file = "PyYAML-5.3.1.tar.gz", hash = "sha256:b8eac752c5e14d3eca0e6dd9199cd627518cb5ec06add0de9d32baeee6fe645d"},
]
scikit-learn = [
    {file = "scikit-learn-0.23.2.tar.gz", hash = "sha256:20766f515e6cd6f954554387dfae705d93c7b544ec0e6c6a5d8e006f6f7ef480"},
    {file = "scikit_learn-0.23.2-cp36-cp36m-macosx_10_9_x86_64.whl", hash = "sha256:98508723f44c61896a4e15894b2016762a55555fbf09365a0bb1870ecbd442de"},
    {file = "scikit_learn-0.23.2-cp36-cp36m-manylinux1_i686.whl", hash = "sha256:a64817b050efd50f9abcfd311870073e500ae11b299683a519fbb52d85e08d25"},
    {file = "scikit_learn-0.23.2-cp36-cp36m-manylinux1_x86_64.whl", hash = "sha256:daf276c465c38ef736a79bd79fc80a249f746bcbcae50c40945428f7ece074f8"},
    {file = "scikit_learn-0.23.2-cp36-cp36m-win32.whl", hash = "sha256:cb3e76380312e1f86abd20340ab1d5b3cc46a26f6593d3c33c9ea3e4c7134028"},
    {file = "scikit_learn-0.23.2-cp36-cp36m-win_amd64.whl", hash = "sha256:0a127cc70990d4c15b1019680bfedc7fec6c23d14d3719fdf9b64b22d37cdeca"},
    {file = "scikit_learn-0.23.2-cp37-cp37m-macosx_10_9_x86_64.whl", hash = "sha256:2aa95c2f17d2f80534156215c87bee72b6aa314a7f8b8fe92a2d71f47280570d"},
    {file = "scikit_learn-0.23.2-cp37-cp37m-manylinux1_i686.whl", hash = "sha256:6c28a1d00aae7c3c9568f61aafeaad813f0f01c729bee4fd9479e2132b215c1d"},
    {file = "scikit_learn-0.23.2-cp37-cp37m-manylinux1_x86_64.whl", hash = "sha256:da8e7c302003dd765d92a5616678e591f347460ac7b53e53d667be7dfe6d1b10"},
    {file = "scikit_learn-0.23.2-cp37-cp37m-win32.whl", hash = "sha256:d9a1ce5f099f29c7c33181cc4386660e0ba891b21a60dc036bf369e3a3ee3aec"},
    {file = "scikit_learn-0.23.2-cp37-cp37m-win_amd64.whl", hash = "sha256:914ac2b45a058d3f1338d7736200f7f3b094857758895f8667be8a81ff443b5b"},
    {file = "scikit_learn-0.23.2-cp38-cp38-macosx_10_9_x86_64.whl", hash = "sha256:7671bbeddd7f4f9a6968f3b5442dac5f22bf1ba06709ef888cc9132ad354a9ab"},
    {file = "scikit_learn-0.23.2-cp38-cp38-manylinux1_i686.whl", hash = "sha256:d0dcaa54263307075cb93d0bee3ceb02821093b1b3d25f66021987d305d01dce"},
    {file = "scikit_learn-0.23.2-cp38-cp38-manylinux1_x86_64.whl", hash = "sha256:5ce7a8021c9defc2b75620571b350acc4a7d9763c25b7593621ef50f3bd019a2"},
    {file = "scikit_learn-0.23.2-cp38-cp38-win32.whl", hash = "sha256:0d39748e7c9669ba648acf40fb3ce96b8a07b240db6888563a7cb76e05e0d9cc"},
    {file = "scikit_learn-0.23.2-cp38-cp38-win_amd64.whl", hash = "sha256:1b8a391de95f6285a2f9adffb7db0892718950954b7149a70c783dc848f104ea"},
]
scipy = [
    {file = "scipy-1.5.2-cp36-cp36m-macosx_10_9_x86_64.whl", hash = "sha256:cca9fce15109a36a0a9f9cfc64f870f1c140cb235ddf27fe0328e6afb44dfed0"},
    {file = "scipy-1.5.2-cp36-cp36m-manylinux1_i686.whl", hash = "sha256:1c7564a4810c1cd77fcdee7fa726d7d39d4e2695ad252d7c86c3ea9d85b7fb8f"},
    {file = "scipy-1.5.2-cp36-cp36m-manylinux1_x86_64.whl", hash = "sha256:07e52b316b40a4f001667d1ad4eb5f2318738de34597bd91537851365b6c61f1"},
    {file = "scipy-1.5.2-cp36-cp36m-win32.whl", hash = "sha256:d56b10d8ed72ec1be76bf10508446df60954f08a41c2d40778bc29a3a9ad9bce"},
    {file = "scipy-1.5.2-cp36-cp36m-win_amd64.whl", hash = "sha256:8e28e74b97fc8d6aa0454989db3b5d36fc27e69cef39a7ee5eaf8174ca1123cb"},
    {file = "scipy-1.5.2-cp37-cp37m-macosx_10_9_x86_64.whl", hash = "sha256:6e86c873fe1335d88b7a4bfa09d021f27a9e753758fd75f3f92d714aa4093768"},
    {file = "scipy-1.5.2-cp37-cp37m-manylinux1_i686.whl", hash = "sha256:a0afbb967fd2c98efad5f4c24439a640d39463282040a88e8e928db647d8ac3d"},
    {file = "scipy-1.5.2-cp37-cp37m-manylinux1_x86_64.whl", hash = "sha256:eecf40fa87eeda53e8e11d265ff2254729d04000cd40bae648e76ff268885d66"},
    {file = "scipy-1.5.2-cp37-cp37m-win32.whl", hash = "sha256:315aa2165aca31375f4e26c230188db192ed901761390be908c9b21d8b07df62"},
    {file = "scipy-1.5.2-cp37-cp37m-win_amd64.whl", hash = "sha256:ec5fe57e46828d034775b00cd625c4a7b5c7d2e354c3b258d820c6c72212a6ec"},
    {file = "scipy-1.5.2-cp38-cp38-macosx_10_9_x86_64.whl", hash = "sha256:fc98f3eac993b9bfdd392e675dfe19850cc8c7246a8fd2b42443e506344be7d9"},
    {file = "scipy-1.5.2-cp38-cp38-manylinux1_i686.whl", hash = "sha256:a785409c0fa51764766840185a34f96a0a93527a0ff0230484d33a8ed085c8f8"},
    {file = "scipy-1.5.2-cp38-cp38-manylinux1_x86_64.whl", hash = "sha256:0a0e9a4e58a4734c2eba917f834b25b7e3b6dc333901ce7784fd31aefbd37b2f"},
    {file = "scipy-1.5.2-cp38-cp38-win32.whl", hash = "sha256:dac09281a0eacd59974e24525a3bc90fa39b4e95177e638a31b14db60d3fa806"},
    {file = "scipy-1.5.2-cp38-cp38-win_amd64.whl", hash = "sha256:92eb04041d371fea828858e4fff182453c25ae3eaa8782d9b6c32b25857d23bc"},
    {file = "scipy-1.5.2.tar.gz", hash = "sha256:066c513d90eb3fd7567a9e150828d39111ebd88d3e924cdfc9f8ce19ab6f90c9"},
]
six = [
    {file = "six-1.15.0-py2.py3-none-any.whl", hash = "sha256:8b74bedcbbbaca38ff6d7491d76f2b06b3592611af620f8426e82dddb04a5ced"},
    {file = "six-1.15.0.tar.gz", hash = "sha256:30639c035cdb23534cd4aa2dd52c3bf48f06e5f4a941509c8bafd8ce11080259"},
]
sklearn = [
    {file = "sklearn-0.0.tar.gz", hash = "sha256:e23001573aa194b834122d2b9562459bf5ae494a2d59ca6b8aa22c85a44c0e31"},
]
threadpoolctl = [
    {file = "threadpoolctl-2.1.0-py3-none-any.whl", hash = "sha256:38b74ca20ff3bb42caca8b00055111d74159ee95c4370882bbff2b93d24da725"},
    {file = "threadpoolctl-2.1.0.tar.gz", hash = "sha256:ddc57c96a38beb63db45d6c159b5ab07b6bced12c45a1f07b2b92f272aebfa6b"},
]
